
Microsoft Visual Studio Solution File, Format Version 12.00
# Visual Studio Version 17
VisualStudioVersion = 17.13.35818.85 d17.13
MinimumVisualStudioVersion = 10.0.40219.1
Project("{FAE04EC0-301F-11D3-BF4B-00C04F79EFBC}") = "Task0221", "Task0221\Task0221.csproj", "{F42394B0-C4F1-4944-A915-868803DE01AA}"
EndProject
Global
	GlobalSection(SolutionConfigurationPlatforms) = preSolution
		Debug|Any CPU = Debug|Any CPU
		Release|Any CPU = Release|Any CPU
	EndGlobalSection
	GlobalSection(ProjectConfigurationPlatforms) = postSolution
		{F42394B0-C4F1-4944-A915-868803DE01AA}.Debug|Any CPU.ActiveCfg = Debug|Any CPU
		{F42394B0-C4F1-4944-A915-868803DE01AA}.Debug|Any CPU.Build.0 = Debug|Any CPU
		{F42394B0-C4F1-4944-A915-868803DE01AA}.Release|Any CPU.ActiveCfg = Release|Any CPU
		{F42394B0-C4F1-4944-A915-868803DE01AA}.Release|Any CPU.Build.0 = Release|Any CPU
	EndGlobalSection
	GlobalSection(SolutionProperties) = preSolution
		HideSolutionNode = FALSE
	EndGlobalSection
	GlobalSection(ExtensibilityGlobals) = postSolution
		SolutionGuid = {0A4981E5-A600-43BB-8E6D-C8BB9DE47C80}
	EndGlobalSection
EndGlobal
